
Microsoft Visual Studio Solution File, Format Version 12.00
# Visual Studio Version 17
VisualStudioVersion = 17.1.32210.238
MinimumVisualStudioVersion = 10.0.40219.1
Project("{FAE04EC0-301F-11D3-BF4B-00C04F79EFBC}") = "Uppgift 2_1", "Uppgift 2_1.csproj", "{FF133D67-6E5F-4576-B83F-DFA138022952}"
EndProject
Global
	GlobalSection(SolutionConfigurationPlatforms) = preSolution
		Debug|Any CPU = Debug|Any CPU
		Release|Any CPU = Release|Any CPU
	EndGlobalSection
	GlobalSection(ProjectConfigurationPlatforms) = postSolution
		{FF133D67-6E5F-4576-B83F-DFA138022952}.Debug|Any CPU.ActiveCfg = Debug|Any CPU
		{FF133D67-6E5F-4576-B83F-DFA138022952}.Debug|Any CPU.Build.0 = Debug|Any CPU
		{FF133D67-6E5F-4576-B83F-DFA138022952}.Release|Any CPU.ActiveCfg = Release|Any CPU
		{FF133D67-6E5F-4576-B83F-DFA138022952}.Release|Any CPU.Build.0 = Release|Any CPU
	EndGlobalSection
	GlobalSection(SolutionProperties) = preSolution
		HideSolutionNode = FALSE
	EndGlobalSection
	GlobalSection(ExtensibilityGlobals) = postSolution
		SolutionGuid = {4B04C33A-E4E5-4562-BB94-25CFB2B01E23}
	EndGlobalSection
EndGlobal
